
Microsoft Visual Studio Solution File, Format Version 12.00
# Visual Studio Version 17
VisualStudioVersion = 17.3.32811.315
MinimumVisualStudioVersion = 10.0.40219.1
Project("{FAE04EC0-301F-11D3-BF4B-00C04F79EFBC}") = "Lista11PR2", "Lista11PR2\Lista11PR2.csproj", "{D039911F-CC22-47F0-9116-4DFEE574A4BD}"
EndProject
Global
	GlobalSection(SolutionConfigurationPlatforms) = preSolution
		Debug|Any CPU = Debug|Any CPU
		Release|Any CPU = Release|Any CPU
	EndGlobalSection
	GlobalSection(ProjectConfigurationPlatforms) = postSolution
		{D039911F-CC22-47F0-9116-4DFEE574A4BD}.Debug|Any CPU.ActiveCfg = Debug|Any CPU
		{D039911F-CC22-47F0-9116-4DFEE574A4BD}.Debug|Any CPU.Build.0 = Debug|Any CPU
		{D039911F-CC22-47F0-9116-4DFEE574A4BD}.Release|Any CPU.ActiveCfg = Release|Any CPU
		{D039911F-CC22-47F0-9116-4DFEE574A4BD}.Release|Any CPU.Build.0 = Release|Any CPU
	EndGlobalSection
	GlobalSection(SolutionProperties) = preSolution
		HideSolutionNode = FALSE
	EndGlobalSection
	GlobalSection(ExtensibilityGlobals) = postSolution
		SolutionGuid = {5F1F6AD1-2D0B-405A-B7BA-A11292B74B56}
	EndGlobalSection
EndGlobal
